
Microsoft Visual Studio Solution File, Format Version 12.00
# Visual Studio Version 17
VisualStudioVersion = 17.8.34330.188
MinimumVisualStudioVersion = 10.0.40219.1
Project("{FAE04EC0-301F-11D3-BF4B-00C04F79EFBC}") = "Illia Smazhenko", "Illia Smazhenko\Illia Smazhenko.csproj", "{5761E62F-D034-413E-8C22-A282AFA6C508}"
EndProject
Global
	GlobalSection(SolutionConfigurationPlatforms) = preSolution
		Debug|Any CPU = Debug|Any CPU
		Release|Any CPU = Release|Any CPU
	EndGlobalSection
	GlobalSection(ProjectConfigurationPlatforms) = postSolution
		{5761E62F-D034-413E-8C22-A282AFA6C508}.Debug|Any CPU.ActiveCfg = Debug|Any CPU
		{5761E62F-D034-413E-8C22-A282AFA6C508}.Debug|Any CPU.Build.0 = Debug|Any CPU
		{5761E62F-D034-413E-8C22-A282AFA6C508}.Release|Any CPU.ActiveCfg = Release|Any CPU
		{5761E62F-D034-413E-8C22-A282AFA6C508}.Release|Any CPU.Build.0 = Release|Any CPU
	EndGlobalSection
	GlobalSection(SolutionProperties) = preSolution
		HideSolutionNode = FALSE
	EndGlobalSection
	GlobalSection(ExtensibilityGlobals) = postSolution
		SolutionGuid = {CCCA21BB-DF3A-415B-9BDB-E73007BA2AF2}
	EndGlobalSection
EndGlobal
